
Microsoft Visual Studio Solution File, Format Version 12.00
# Visual Studio 15
VisualStudioVersion = 15.0.28307.852
MinimumVisualStudioVersion = 10.0.40219.1
Project("{FAE04EC0-301F-11D3-BF4B-00C04F79EFBC}") = "Our.Umbraco.PageSpeed", "Our.Umbraco.PageSpeed\Our.Umbraco.PageSpeed.csproj", "{E4B5F79D-90E4-4381-8DFB-D6AA61EB2FBE}"
EndProject
Global
	GlobalSection(SolutionConfigurationPlatforms) = preSolution
		Debug|Any CPU = Debug|Any CPU
		Release|Any CPU = Release|Any CPU
	EndGlobalSection
	GlobalSection(ProjectConfigurationPlatforms) = postSolution
		{E4B5F79D-90E4-4381-8DFB-D6AA61EB2FBE}.Debug|Any CPU.ActiveCfg = Debug|Any CPU
		{E4B5F79D-90E4-4381-8DFB-D6AA61EB2FBE}.Debug|Any CPU.Build.0 = Debug|Any CPU
		{E4B5F79D-90E4-4381-8DFB-D6AA61EB2FBE}.Release|Any CPU.ActiveCfg = Release|Any CPU
		{E4B5F79D-90E4-4381-8DFB-D6AA61EB2FBE}.Release|Any CPU.Build.0 = Release|Any CPU
	EndGlobalSection
	GlobalSection(SolutionProperties) = preSolution
		HideSolutionNode = FALSE
	EndGlobalSection
	GlobalSection(ExtensibilityGlobals) = postSolution
		SolutionGuid = {B73C0CEE-7A56-40E4-ABAB-A5C8E85D6793}
	EndGlobalSection
EndGlobal
